
Microsoft Visual Studio Solution File, Format Version 12.00
Project("{FAE04EC0-301F-11D3-BF4B-00C04F79EFBC}") = "TaskMasterAPI", "TaskMasterAPI\TaskMasterAPI.csproj", "{81991950-573F-4415-BBBF-E49137B16527}"
EndProject
Project("{2150E333-8FDC-42A3-9474-1A3956D46DE8}") = "Solution Items", "Solution Items", "{AEE14B6C-950A-4701-851B-9D9F2E6FA386}"
	ProjectSection(SolutionItems) = preProject
		docker-compose.yml = docker-compose.yml
		docker-compose.override.yml = docker-compose.override.yml
	EndProjectSection
EndProject
Project("{FAE04EC0-301F-11D3-BF4B-00C04F79EFBC}") = "TaskMasterAPI.DAL", "TaskMasterAPI.DAL\TaskMasterAPI.DAL.csproj", "{B0EA208E-1645-431C-A0B2-890D7C4B5730}"
EndProject
Project("{FAE04EC0-301F-11D3-BF4B-00C04F79EFBC}") = "TaskMasterAPI.Models", "TaskMasterAPI.Models\TaskMasterAPI.Models.csproj", "{FB836C30-CA04-4711-95A1-467F6193A684}"
EndProject
Project("{FAE04EC0-301F-11D3-BF4B-00C04F79EFBC}") = "TaskMasterAPI.BLL", "TaskMasterAPI.BLL\TaskMasterAPI.BLL.csproj", "{0E55CFFD-9C2E-44A7-8C2F-969BF5A66696}"
EndProject
Project("{2150E333-8FDC-42A3-9474-1A3956D46DE8}") = "src", "src", "{58E4B1C4-5FA8-4E6D-91A1-D7210C864656}"
EndProject
Global
	GlobalSection(SolutionConfigurationPlatforms) = preSolution
		Debug|Any CPU = Debug|Any CPU
		Release|Any CPU = Release|Any CPU
	EndGlobalSection
	GlobalSection(ProjectConfigurationPlatforms) = postSolution
		{81991950-573F-4415-BBBF-E49137B16527}.Debug|Any CPU.ActiveCfg = Debug|Any CPU
		{81991950-573F-4415-BBBF-E49137B16527}.Debug|Any CPU.Build.0 = Debug|Any CPU
		{81991950-573F-4415-BBBF-E49137B16527}.Release|Any CPU.ActiveCfg = Release|Any CPU
		{81991950-573F-4415-BBBF-E49137B16527}.Release|Any CPU.Build.0 = Release|Any CPU
		{B0EA208E-1645-431C-A0B2-890D7C4B5730}.Debug|Any CPU.ActiveCfg = Debug|Any CPU
		{B0EA208E-1645-431C-A0B2-890D7C4B5730}.Debug|Any CPU.Build.0 = Debug|Any CPU
		{B0EA208E-1645-431C-A0B2-890D7C4B5730}.Release|Any CPU.ActiveCfg = Release|Any CPU
		{B0EA208E-1645-431C-A0B2-890D7C4B5730}.Release|Any CPU.Build.0 = Release|Any CPU
		{FB836C30-CA04-4711-95A1-467F6193A684}.Debug|Any CPU.ActiveCfg = Debug|Any CPU
		{FB836C30-CA04-4711-95A1-467F6193A684}.Debug|Any CPU.Build.0 = Debug|Any CPU
		{FB836C30-CA04-4711-95A1-467F6193A684}.Release|Any CPU.ActiveCfg = Release|Any CPU
		{FB836C30-CA04-4711-95A1-467F6193A684}.Release|Any CPU.Build.0 = Release|Any CPU
		{0E55CFFD-9C2E-44A7-8C2F-969BF5A66696}.Debug|Any CPU.ActiveCfg = Debug|Any CPU
		{0E55CFFD-9C2E-44A7-8C2F-969BF5A66696}.Debug|Any CPU.Build.0 = Debug|Any CPU
		{0E55CFFD-9C2E-44A7-8C2F-969BF5A66696}.Release|Any CPU.ActiveCfg = Release|Any CPU
		{0E55CFFD-9C2E-44A7-8C2F-969BF5A66696}.Release|Any CPU.Build.0 = Release|Any CPU
	EndGlobalSection
	GlobalSection(NestedProjects) = preSolution
		{81991950-573F-4415-BBBF-E49137B16527} = {58E4B1C4-5FA8-4E6D-91A1-D7210C864656}
		{0E55CFFD-9C2E-44A7-8C2F-969BF5A66696} = {58E4B1C4-5FA8-4E6D-91A1-D7210C864656}
		{B0EA208E-1645-431C-A0B2-890D7C4B5730} = {58E4B1C4-5FA8-4E6D-91A1-D7210C864656}
		{FB836C30-CA04-4711-95A1-467F6193A684} = {58E4B1C4-5FA8-4E6D-91A1-D7210C864656}
	EndGlobalSection
EndGlobal
